
Microsoft Visual Studio Solution File, Format Version 12.00
Project("{FAE04EC0-301F-11D3-BF4B-00C04F79EFBC}") = "ServiceMeetings", "ServiceMeetings\ServiceMeetings.csproj", "{A45F90A3-40A4-4AAF-A95E-630CAAE8441A}"
EndProject
Global
	GlobalSection(SolutionConfigurationPlatforms) = preSolution
		Debug|Any CPU = Debug|Any CPU
		Release|Any CPU = Release|Any CPU
	EndGlobalSection
	GlobalSection(ProjectConfigurationPlatforms) = postSolution
		{A45F90A3-40A4-4AAF-A95E-630CAAE8441A}.Debug|Any CPU.ActiveCfg = Debug|Any CPU
		{A45F90A3-40A4-4AAF-A95E-630CAAE8441A}.Debug|Any CPU.Build.0 = Debug|Any CPU
		{A45F90A3-40A4-4AAF-A95E-630CAAE8441A}.Release|Any CPU.ActiveCfg = Release|Any CPU
		{A45F90A3-40A4-4AAF-A95E-630CAAE8441A}.Release|Any CPU.Build.0 = Release|Any CPU
	EndGlobalSection
EndGlobal
